
Microsoft Visual Studio Solution File, Format Version 12.00
# Visual Studio Version 17
VisualStudioVersion = 17.0.32112.339
MinimumVisualStudioVersion = 10.0.40219.1
Project("{FAE04EC0-301F-11D3-BF4B-00C04F79EFBC}") = "BookARoom", "BookARoom\BookARoom.csproj", "{33768703-3691-447C-A292-D0F8B2D49490}"
EndProject
Global
	GlobalSection(SolutionConfigurationPlatforms) = preSolution
		Debug|Any CPU = Debug|Any CPU
		Release|Any CPU = Release|Any CPU
	EndGlobalSection
	GlobalSection(ProjectConfigurationPlatforms) = postSolution
		{33768703-3691-447C-A292-D0F8B2D49490}.Debug|Any CPU.ActiveCfg = Debug|Any CPU
		{33768703-3691-447C-A292-D0F8B2D49490}.Debug|Any CPU.Build.0 = Debug|Any CPU
		{33768703-3691-447C-A292-D0F8B2D49490}.Release|Any CPU.ActiveCfg = Release|Any CPU
		{33768703-3691-447C-A292-D0F8B2D49490}.Release|Any CPU.Build.0 = Release|Any CPU
	EndGlobalSection
	GlobalSection(SolutionProperties) = preSolution
		HideSolutionNode = FALSE
	EndGlobalSection
	GlobalSection(ExtensibilityGlobals) = postSolution
		SolutionGuid = {F5BAB185-F058-493E-8004-F9EB52F9158D}
	EndGlobalSection
EndGlobal
